{
  "name": "namui-cli",
  "lockfileVersion": 2,
  "requires": true,
  "packages": {
    "": {
      "name": "namui-cli",
      "dependencies": {
        "canvaskit-wasm": "=0.38.0"
      }
    },
    "node_modules/canvaskit-wasm": {
      "version": "0.38.0",
      "resolved": "https://registry.npmjs.org/canvaskit-wasm/-/canvaskit-wasm-0.38.0.tgz",
      "integrity": "sha512-ZEG6lucpbQ4Ld+mY8C1Ng+PMLVP+/AX02jS0Sdl28NyMxuKSa9uKB8oGd1BYp1XWPyO2Jgr7U8pdyjJ/F3xR5Q=="
    }
  },
  "dependencies": {
    "canvaskit-wasm": {
      "version": "0.38.0",
      "resolved": "https://registry.npmjs.org/canvaskit-wasm/-/canvaskit-wasm-0.38.0.tgz",
      "integrity": "sha512-ZEG6lucpbQ4Ld+mY8C1Ng+PMLVP+/AX02jS0Sdl28NyMxuKSa9uKB8oGd1BYp1XWPyO2Jgr7U8pdyjJ/F3xR5Q=="
    }
  }
}
