{
  "name": "namui-cli",
  "lockfileVersion": 2,
  "requires": true,
  "packages": {
    "": {
      "name": "namui-cli",
      "dependencies": {
        "canvaskit-wasm": "=0.37.0"
      }
    },
    "node_modules/canvaskit-wasm": {
      "version": "0.37.0",
      "resolved": "https://registry.npmjs.org/canvaskit-wasm/-/canvaskit-wasm-0.37.0.tgz",
      "integrity": "sha512-hegK3gdVQJwgOre02kFHJDEo9b+VHY/bA/N+12C7fECSosGL9Q7gwcz4vnDdOnzSoeLCRH26oTNK3gEO+dm+dg=="
    }
  },
  "dependencies": {
    "canvaskit-wasm": {
      "version": "0.37.0",
      "resolved": "https://registry.npmjs.org/canvaskit-wasm/-/canvaskit-wasm-0.37.0.tgz",
      "integrity": "sha512-hegK3gdVQJwgOre02kFHJDEo9b+VHY/bA/N+12C7fECSosGL9Q7gwcz4vnDdOnzSoeLCRH26oTNK3gEO+dm+dg=="
    }
  }
}
