# This file is automatically @generated by Cargo.
# It is not intended for manual editing.
version = 3

[[package]]
name = "bytes"
version = "1.8.0"
source = "registry+https://github.com/rust-lang/crates.io-index"
checksum = "9ac0150caa2ae65ca5bd83f25c7de183dea78d4d366469f148435e2acfbad0da"

[[package]]
name = "vvv"
version = "0.1.0"
dependencies = [
 "bytes",
]
